
Microsoft Visual Studio Solution File, Format Version 12.00
# Visual Studio Version 17
VisualStudioVersion = 17.13.35931.197
MinimumVisualStudioVersion = 10.0.40219.1
Project("{FAE04EC0-301F-11D3-BF4B-00C04F79EFBC}") = "Api", "Api\Api.csproj", "{FA346262-DB57-4EA2-93AA-3CF1A620C455}"
EndProject
Project("{FAE04EC0-301F-11D3-BF4B-00C04F79EFBC}") = "Domain", "Domain\Domain.csproj", "{73B1B11B-51E3-45DA-BB34-86B604503300}"
EndProject
Project("{FAE04EC0-301F-11D3-BF4B-00C04F79EFBC}") = "Infrastructure", "Infrastructure\Infrastructure.csproj", "{89786FC0-BB42-4798-BB5D-18EA66EC7F38}"
EndProject
Project("{FAE04EC0-301F-11D3-BF4B-00C04F79EFBC}") = "Web", "Web\Web.csproj", "{AE2BDC88-D1CD-68A9-724B-0BB2BF755B0E}"
EndProject
Global
	GlobalSection(SolutionConfigurationPlatforms) = preSolution
		Debug|Any CPU = Debug|Any CPU
		Debug|x64 = Debug|x64
		Debug|x86 = Debug|x86
		Release|Any CPU = Release|Any CPU
		Release|x64 = Release|x64
		Release|x86 = Release|x86
	EndGlobalSection
	GlobalSection(ProjectConfigurationPlatforms) = postSolution
		{FA346262-DB57-4EA2-93AA-3CF1A620C455}.Debug|Any CPU.ActiveCfg = Debug|Any CPU
		{FA346262-DB57-4EA2-93AA-3CF1A620C455}.Debug|Any CPU.Build.0 = Debug|Any CPU
		{FA346262-DB57-4EA2-93AA-3CF1A620C455}.Debug|x64.ActiveCfg = Debug|Any CPU
		{FA346262-DB57-4EA2-93AA-3CF1A620C455}.Debug|x64.Build.0 = Debug|Any CPU
		{FA346262-DB57-4EA2-93AA-3CF1A620C455}.Debug|x86.ActiveCfg = Debug|Any CPU
		{FA346262-DB57-4EA2-93AA-3CF1A620C455}.Debug|x86.Build.0 = Debug|Any CPU
		{FA346262-DB57-4EA2-93AA-3CF1A620C455}.Release|Any CPU.ActiveCfg = Release|Any CPU
		{FA346262-DB57-4EA2-93AA-3CF1A620C455}.Release|Any CPU.Build.0 = Release|Any CPU
		{FA346262-DB57-4EA2-93AA-3CF1A620C455}.Release|x64.ActiveCfg = Release|Any CPU
		{FA346262-DB57-4EA2-93AA-3CF1A620C455}.Release|x64.Build.0 = Release|Any CPU
		{FA346262-DB57-4EA2-93AA-3CF1A620C455}.Release|x86.ActiveCfg = Release|Any CPU
		{FA346262-DB57-4EA2-93AA-3CF1A620C455}.Release|x86.Build.0 = Release|Any CPU
		{73B1B11B-51E3-45DA-BB34-86B604503300}.Debug|Any CPU.ActiveCfg = Debug|Any CPU
		{73B1B11B-51E3-45DA-BB34-86B604503300}.Debug|Any CPU.Build.0 = Debug|Any CPU
		{73B1B11B-51E3-45DA-BB34-86B604503300}.Debug|x64.ActiveCfg = Debug|Any CPU
		{73B1B11B-51E3-45DA-BB34-86B604503300}.Debug|x64.Build.0 = Debug|Any CPU
		{73B1B11B-51E3-45DA-BB34-86B604503300}.Debug|x86.ActiveCfg = Debug|Any CPU
		{73B1B11B-51E3-45DA-BB34-86B604503300}.Debug|x86.Build.0 = Debug|Any CPU
		{73B1B11B-51E3-45DA-BB34-86B604503300}.Release|Any CPU.ActiveCfg = Release|Any CPU
		{73B1B11B-51E3-45DA-BB34-86B604503300}.Release|Any CPU.Build.0 = Release|Any CPU
		{73B1B11B-51E3-45DA-BB34-86B604503300}.Release|x64.ActiveCfg = Release|Any CPU
		{73B1B11B-51E3-45DA-BB34-86B604503300}.Release|x64.Build.0 = Release|Any CPU
		{73B1B11B-51E3-45DA-BB34-86B604503300}.Release|x86.ActiveCfg = Release|Any CPU
		{73B1B11B-51E3-45DA-BB34-86B604503300}.Release|x86.Build.0 = Release|Any CPU
		{89786FC0-BB42-4798-BB5D-18EA66EC7F38}.Debug|Any CPU.ActiveCfg = Debug|Any CPU
		{89786FC0-BB42-4798-BB5D-18EA66EC7F38}.Debug|Any CPU.Build.0 = Debug|Any CPU
		{89786FC0-BB42-4798-BB5D-18EA66EC7F38}.Debug|x64.ActiveCfg = Debug|Any CPU
		{89786FC0-BB42-4798-BB5D-18EA66EC7F38}.Debug|x64.Build.0 = Debug|Any CPU
		{89786FC0-BB42-4798-BB5D-18EA66EC7F38}.Debug|x86.ActiveCfg = Debug|Any CPU
		{89786FC0-BB42-4798-BB5D-18EA66EC7F38}.Debug|x86.Build.0 = Debug|Any CPU
		{89786FC0-BB42-4798-BB5D-18EA66EC7F38}.Release|Any CPU.ActiveCfg = Release|Any CPU
		{89786FC0-BB42-4798-BB5D-18EA66EC7F38}.Release|Any CPU.Build.0 = Release|Any CPU
		{89786FC0-BB42-4798-BB5D-18EA66EC7F38}.Release|x64.ActiveCfg = Release|Any CPU
		{89786FC0-BB42-4798-BB5D-18EA66EC7F38}.Release|x64.Build.0 = Release|Any CPU
		{89786FC0-BB42-4798-BB5D-18EA66EC7F38}.Release|x86.ActiveCfg = Release|Any CPU
		{89786FC0-BB42-4798-BB5D-18EA66EC7F38}.Release|x86.Build.0 = Release|Any CPU
		{AE2BDC88-D1CD-68A9-724B-0BB2BF755B0E}.Debug|Any CPU.ActiveCfg = Debug|Any CPU
		{AE2BDC88-D1CD-68A9-724B-0BB2BF755B0E}.Debug|Any CPU.Build.0 = Debug|Any CPU
		{AE2BDC88-D1CD-68A9-724B-0BB2BF755B0E}.Debug|x64.ActiveCfg = Debug|Any CPU
		{AE2BDC88-D1CD-68A9-724B-0BB2BF755B0E}.Debug|x64.Build.0 = Debug|Any CPU
		{AE2BDC88-D1CD-68A9-724B-0BB2BF755B0E}.Debug|x86.ActiveCfg = Debug|Any CPU
		{AE2BDC88-D1CD-68A9-724B-0BB2BF755B0E}.Debug|x86.Build.0 = Debug|Any CPU
		{AE2BDC88-D1CD-68A9-724B-0BB2BF755B0E}.Release|Any CPU.ActiveCfg = Release|Any CPU
		{AE2BDC88-D1CD-68A9-724B-0BB2BF755B0E}.Release|Any CPU.Build.0 = Release|Any CPU
		{AE2BDC88-D1CD-68A9-724B-0BB2BF755B0E}.Release|x64.ActiveCfg = Release|Any CPU
		{AE2BDC88-D1CD-68A9-724B-0BB2BF755B0E}.Release|x64.Build.0 = Release|Any CPU
		{AE2BDC88-D1CD-68A9-724B-0BB2BF755B0E}.Release|x86.ActiveCfg = Release|Any CPU
		{AE2BDC88-D1CD-68A9-724B-0BB2BF755B0E}.Release|x86.Build.0 = Release|Any CPU
	EndGlobalSection
	GlobalSection(SolutionProperties) = preSolution
		HideSolutionNode = FALSE
	EndGlobalSection
	GlobalSection(ExtensibilityGlobals) = postSolution
		SolutionGuid = {47366C42-A62B-4044-BD08-A0EB3AE269A8}
	EndGlobalSection
EndGlobal
